Microsoft Visual Studio Solution File, Format Version 12.00
# Visual Studio Version 17
VisualStudioVersion = 17.5.2.0
MinimumVisualStudioVersion = 10.0.40219.1
Project("{FAE04EC0-301F-11D3-BF4B-00C04F79EFBC}") = "swagengine", "swagengine.csproj", "{CADB5FB7-D6A9-8120-28E1-57FFBFD95C6A}"
EndProject
Global
	GlobalSection(SolutionConfigurationPlatforms) = preSolution
		Debug|Any CPU = Debug|Any CPU
		Release|Any CPU = Release|Any CPU
	EndGlobalSection
	GlobalSection(ProjectConfigurationPlatforms) = postSolution
		{CADB5FB7-D6A9-8120-28E1-57FFBFD95C6A}.Debug|Any CPU.ActiveCfg = Debug|Any CPU
		{CADB5FB7-D6A9-8120-28E1-57FFBFD95C6A}.Debug|Any CPU.Build.0 = Debug|Any CPU
		{CADB5FB7-D6A9-8120-28E1-57FFBFD95C6A}.Release|Any CPU.ActiveCfg = Release|Any CPU
		{CADB5FB7-D6A9-8120-28E1-57FFBFD95C6A}.Release|Any CPU.Build.0 = Release|Any CPU
	EndGlobalSection
	GlobalSection(SolutionProperties) = preSolution
		HideSolutionNode = FALSE
	EndGlobalSection
	GlobalSection(ExtensibilityGlobals) = postSolution
		SolutionGuid = {CEBBD3AD-850E-4C11-8D79-91031EA68B14}
	EndGlobalSection
EndGlobal
